<Solution>
  <Project Path="NovaKart.Domain/NovaKart.Domain.csproj" />
  <Project Path="NovaKart.Application/NovaKart.Application.csproj" />
  <Project Path="NovaKart.Infraestructure/NovaKart.Infraestructure.csproj" />
  <Project Path="NovaKart.WebApi/NovaKart.WebApi.csproj" />
  <Project Path="tests/NovaKart.WebApi.IntegrationTests/NovaKart.WebApi.IntegrationTests.csproj" />
</Solution>
